
Microsoft Visual Studio Solution File, Format Version 12.00
# Visual Studio Version 17
VisualStudioVersion = 17.0.31903.59
MinimumVisualStudioVersion = 10.0.40219.1
Project("{9A19103F-16F7-4668-BE54-9A1E7A4F7556}") = "Staffify", "Staffify\Staffify.csproj", "{04DB254B-7A4A-49BD-A47B-7B7F51B6CA67}"
EndProject
Global
	GlobalSection(SolutionConfigurationPlatforms) = preSolution
		Debug|Any CPU = Debug|Any CPU
		Release|Any CPU = Release|Any CPU
	EndGlobalSection
	GlobalSection(ProjectConfigurationPlatforms) = postSolution
		{04DB254B-7A4A-49BD-A47B-7B7F51B6CA67}.Debug|Any CPU.ActiveCfg = Debug|Any CPU
		{04DB254B-7A4A-49BD-A47B-7B7F51B6CA67}.Debug|Any CPU.Build.0 = Debug|Any CPU
		{04DB254B-7A4A-49BD-A47B-7B7F51B6CA67}.Release|Any CPU.ActiveCfg = Release|Any CPU
		{04DB254B-7A4A-49BD-A47B-7B7F51B6CA67}.Release|Any CPU.Build.0 = Release|Any CPU
	EndGlobalSection
	GlobalSection(SolutionProperties) = preSolution
		HideSolutionNode = FALSE
	EndGlobalSection
	GlobalSection(ExtensibilityGlobals) = postSolution
		SolutionGuid = {82956B0A-C45A-4F4C-8148-121763CC3890}
	EndGlobalSection
EndGlobal
